// !$*UTF8*$!
{
	archiveVersion = 1;
	classes = {
	};
	objectVersion = 46;
	objects = {

/* Begin PBXBuildFile section */
		91CE9C111C7DD9C800E52581 /* AppDelegate.swift in Sources */ = {isa = PBXBuildFile; fileRef = 91CE9C101C7DD9C800E52581 /* AppDelegate.swift */; };
		91CE9C131C7DD9C800E52581 /* ViewController.swift in Sources */ = {isa = PBXBuildFile; fileRef = 91CE9C121C7DD9C800E52581 /* ViewController.swift */; };
		91CE9C161C7DD9C800E52581 /* Main.storyboard in Resources */ = {isa = PBXBuildFile; fileRef = 91CE9C141C7DD9C800E52581 /* Main.storyboard */; };
		91CE9C181C7DD9C800E52581 /* Assets.xcassets in Resources */ = {isa = PBXBuildFile; fileRef = 91CE9C171C7DD9C800E52581 /* Assets.xcassets */; };
		91CE9C1B1C7DD9C800E52581 /* LaunchScreen.storyboard in Resources */ = {isa = PBXBuildFile; fileRef = 91CE9C191C7DD9C800E52581 /* LaunchScreen.storyboard */; };
		91CE9C261C7DD9C800E52581 /* LondonTests.swift in Sources */ = {isa = PBXBuildFile; fileRef = 91CE9C251C7DD9C800E52581 /* LondonTests.swift */; };
		91CE9C311C7DD9C800E52581 /* LondonUITests.swift in Sources */ = {isa = PBXBuildFile; fileRef = 91CE9C301C7DD9C800E52581 /* LondonUITests.swift */; };
/* End PBXBuildFile section */

/* Begin PBXContainerItemProxy section */
		91CE9C221C7DD9C800E52581 /* PBXContainerItemProxy */ = {
			isa = PBXContainerItemProxy;
			containerPortal = 91CE9C051C7DD9C800E52581 /* Project object */;
			proxyType = 1;
			remoteGlobalIDString = 91CE9C0C1C7DD9C800E52581;
			remoteInfo = London;
		};
		91CE9C2D1C7DD9C800E52581 /* PBXContainerItemProxy */ = {
			isa = PBXContainerItemProxy;
			containerPortal = 91CE9C051C7DD9C800E52581 /* Project object */;
			proxyType = 1;
			remoteGlobalIDString = 91CE9C0C1C7DD9C800E52581;
			remoteInfo = London;
		};
/* End PBXContainerItemProxy section */

/* Begin PBXFileReference section */
		91CE9C0D1C7DD9C800E52581 /* London.app */ = {isa = PBXFileReference; explicitFileType = wrapper.application; includeInIndex = 0; path = London.app; sourceTree = BUILT_PRODUCTS_DIR; };
		91CE9C101C7DD9C800E52581 /* AppDelegate.swift */ = {isa = PBXFileReference; lastKnownFileType = sourcecode.swift; path = AppDelegate.swift; sourceTree = "<group>"; };
		91CE9C121C7DD9C800E52581 /* ViewController.swift */ = {isa = PBXFileReference; lastKnownFileType = sourcecode.swift; path = ViewController.swift; sourceTree = "<group>"; };
		91CE9C151C7DD9C800E52581 /* Base */ = {isa = PBXFileReference; lastKnownFileType = file.storyboard; name = Base; path = Base.lproj/Main.storyboard; sourceTree = "<group>"; };
		91CE9C171C7DD9C800E52581 /* Assets.xcassets */ = {isa = PBXFileReference; lastKnownFileType = folder.assetcatalog; path = Assets.xcassets; sourceTree = "<group>"; };
		91CE9C1A1C7DD9C800E52581 /* Base */ = {isa = PBXFileReference; lastKnownFileType = file.storyboard; name = Base; path = Base.lproj/LaunchScreen.storyboard; sourceTree = "<group>"; };
		91CE9C1C1C7DD9C800E52581 /* Info.plist */ = {isa = PBXFileReference; lastKnownFileType = text.plist.xml; path = Info.plist; sourceTree = "<group>"; };
		91CE9C211C7DD9C800E52581 /* LondonTests.xctest */ = {isa = PBXFileReference; explicitFileType = wrapper.cfbundle; includeInIndex = 0; path = LondonTests.xctest; sourceTree = BUILT_PRODUCTS_DIR; };
		91CE9C251C7DD9C800E52581 /* LondonTests.swift */ = {isa = PBXFileReference; lastKnownFileType = sourcecode.swift; path = LondonTests.swift; sourceTree = "<group>"; };
		91CE9C271C7DD9C800E52581 /* Info.plist */ = {isa = PBXFileReference; lastKnownFileType = text.plist.xml; path = Info.plist; sourceTree = "<group>"; };
		91CE9C2C1C7DD9C800E52581 /* LondonUITests.xctest */ = {isa = PBXFileReference; explicitFileType = wrapper.cfbundle; includeInIndex = 0; path = LondonUITests.xctest; sourceTree = BUILT_PRODUCTS_DIR; };
		91CE9C301C7DD9C800E52581 /* LondonUITests.swift */ = {isa = PBXFileReference; lastKnownFileType = sourcecode.swift; path = LondonUITests.swift; sourceTree = "<group>"; };
		91CE9C321C7DD9C800E52581 /* Info.plist */ = {isa = PBXFileReference; lastKnownFileType = text.plist.xml; path = Info.plist; sourceTree = "<group>"; };
/* End PBXFileReference section */

/* Begin PBXFrameworksBuildPhase section */
		91CE9C0A1C7DD9C800E52581 /* Frameworks */ = {
			isa = PBXFrameworksBuildPhase;
			buildActionMask = 2147483647;
			files = (
			);
			runOnlyForDeploymentPostprocessing = 0;
		};
		91CE9C1E1C7DD9C800E52581 /* Frameworks */ = {
			isa = PBXFrameworksBuildPhase;
			buildActionMask = 2147483647;
			files = (
			);
			runOnlyForDeploymentPostprocessing = 0;
		};
		91CE9C291C7DD9C800E52581 /* Frameworks */ = {
			isa = PBXFrameworksBuildPhase;
			buildActionMask = 2147483647;
			files = (
			);
			runOnlyForDeploymentPostprocessing = 0;
		};
/* End PBXFrameworksBuildPhase section */

/* Begin PBXGroup section */
		91CE9C041C7DD9C800E52581 = {
			isa = PBXGroup;
			children = (
				91CE9C0F1C7DD9C800E52581 /* London */,
				91CE9C241C7DD9C800E52581 /* LondonTests */,
				91CE9C2F1C7DD9C800E52581 /* LondonUITests */,
				91CE9C0E1C7DD9C800E52581 /* Products */,
			);
			sourceTree = "<group>";
		};
		91CE9C0E1C7DD9C800E52581 /* Products */ = {
			isa = PBXGroup;
			children = (
				91CE9C0D1C7DD9C800E52581 /* London.app */,
				91CE9C211C7DD9C800E52581 /* LondonTests.xctest */,
				91CE9C2C1C7DD9C800E52581 /* LondonUITests.xctest */,
			);
			name = Products;
			sourceTree = "<group>";
		};
		91CE9C0F1C7DD9C800E52581 /* London */ = {
			isa = PBXGroup;
			children = (
				91CE9C101C7DD9C800E52581 /* AppDelegate.swift */,
				91CE9C121C7DD9C800E52581 /* ViewController.swift */,
				91CE9C141C7DD9C800E52581 /* Main.storyboard */,
				91CE9C171C7DD9C800E52581 /* Assets.xcassets */,
				91CE9C191C7DD9C800E52581 /* LaunchScreen.storyboard */,
				91CE9C1C1C7DD9C800E52581 /* Info.plist */,
			);
			path = London;
			sourceTree = "<group>";
		};
		91CE9C241C7DD9C800E52581 /* LondonTests */ = {
			isa = PBXGroup;
			children = (
				91CE9C251C7DD9C800E52581 /* LondonTests.swift */,
				91CE9C271C7DD9C800E52581 /* Info.plist */,
			);
			path = LondonTests;
			sourceTree = "<group>";
		};
		91CE9C2F1C7DD9C800E52581 /* LondonUITests */ = {
			isa = PBXGroup;
			children = (
				91CE9C301C7DD9C800E52581 /* LondonUITests.swift */,
				91CE9C321C7DD9C800E52581 /* Info.plist */,
			);
			path = LondonUITests;
			sourceTree = "<group>";
		};
/* End PBXGroup section */

/* Begin PBXNativeTarget section */
		91CE9C0C1C7DD9C800E52581 /* London */ = {
			isa = PBXNativeTarget;
			buildConfigurationList = 91CE9C351C7DD9C800E52581 /* Build configuration list for PBXNativeTarget "London" */;
			buildPhases = (
				91CE9C091C7DD9C800E52581 /* Sources */,
				91CE9C0A1C7DD9C800E52581 /* Frameworks */,
				91CE9C0B1C7DD9C800E52581 /* Resources */,
			);
			buildRules = (
			);
			dependencies = (
			);
			name = London;
			productName = London;
			productReference = 91CE9C0D1C7DD9C800E52581 /* London.app */;
			productType = "com.apple.product-type.application";
		};
		91CE9C201C7DD9C800E52581 /* LondonTests */ = {
			isa = PBXNativeTarget;
			buildConfigurationList = 91CE9C381C7DD9C800E52581 /* Build configuration list for PBXNativeTarget "LondonTests" */;
			buildPhases = (
				91CE9C1D1C7DD9C800E52581 /* Sources */,
				91CE9C1E1C7DD9C800E52581 /* Frameworks */,
				91CE9C1F1C7DD9C800E52581 /* Resources */,
			);
			buildRules = (
			);
			dependencies = (
				91CE9C231C7DD9C800E52581 /* PBXTargetDependency */,
			);
			name = LondonTests;
			productName = LondonTests;
			productReference = 91CE9C211C7DD9C800E52581 /* LondonTests.xctest */;
			productType = "com.apple.product-type.bundle.unit-test";
		};
		91CE9C2B1C7DD9C800E52581 /* LondonUITests */ = {
			isa = PBXNativeTarget;
			buildConfigurationList = 91CE9C3B1C7DD9C800E52581 /* Build configuration list for PBXNativeTarget "LondonUITests" */;
			buildPhases = (
				91CE9C281C7DD9C800E52581 /* Sources */,
				91CE9C291C7DD9C800E52581 /* Frameworks */,
				91CE9C2A1C7DD9C800E52581 /* Resources */,
			);
			buildRules = (
			);
			dependencies = (
				91CE9C2E1C7DD9C800E52581 /* PBXTargetDependency */,
			);
			name = LondonUITests;
			productName = LondonUITests;
			productReference = 91CE9C2C1C7DD9C800E52581 /* LondonUITests.xctest */;
			productType = "com.apple.product-type.bundle.ui-testing";
		};
/* End PBXNativeTarget section */

/* Begin PBXProject section */
		91CE9C051C7DD9C800E52581 /* Project object */ = {
			isa = PBXProject;
			attributes = {
				LastSwiftUpdateCheck = 0720;
				LastUpgradeCheck = 0720;
				ORGANIZATIONNAME = "Kashfa Talukdar";
				TargetAttributes = {
					91CE9C0C1C7DD9C800E52581 = {
						CreatedOnToolsVersion = 7.2;
					};
					91CE9C201C7DD9C800E52581 = {
						CreatedOnToolsVersion = 7.2;
						TestTargetID = 91CE9C0C1C7DD9C800E52581;
					};
					91CE9C2B1C7DD9C800E52581 = {
						CreatedOnToolsVersion = 7.2;
						TestTargetID = 91CE9C0C1C7DD9C800E52581;
					};
				};
			};
			buildConfigurationList = 91CE9C081C7DD9C800E52581 /* Build configuration list for PBXProject "London" */;
			compatibilityVersion = "Xcode 3.2";
			developmentRegion = English;
			hasScannedForEncodings = 0;
			knownRegions = (
				en,
				Base,
			);
			mainGroup = 91CE9C041C7DD9C800E52581;
			productRefGroup = 91CE9C0E1C7DD9C800E52581 /* Products */;
			projectDirPath = "";
			projectRoot = "";
			targets = (
				91CE9C0C1C7DD9C800E52581 /* London */,
				91CE9C201C7DD9C800E52581 /* LondonTests */,
				91CE9C2B1C7DD9C800E52581 /* LondonUITests */,
			);
		};
/* End PBXProject section */

/* Begin PBXResourcesBuildPhase section */
		91CE9C0B1C7DD9C800E52581 /* Resources */ = {
			isa = PBXResourcesBuildPhase;
			buildActionMask = 2147483647;
			files = (
				91CE9C1B1C7DD9C800E52581 /* LaunchScreen.storyboard in Resources */,
				91CE9C181C7DD9C800E52581 /* Assets.xcassets in Resources */,
				91CE9C161C7DD9C800E52581 /* Main.storyboard in Resources */,
			);
			runOnlyForDeploymentPostprocessing = 0;
		};
		91CE9C1F1C7DD9C800E52581 /* Resources */ = {
			isa = PBXResourcesBuildPhase;
			buildActionMask = 2147483647;
			files = (
			);
			runOnlyForDeploymentPostprocessing = 0;
		};
		91CE9C2A1C7DD9C800E52581 /* Resources */ = {
			isa = PBXResourcesBuildPhase;
			buildActionMask = 2147483647;
			files = (
			);
			runOnlyForDeploymentPostprocessing = 0;
		};
/* End PBXResourcesBuildPhase section */

/* Begin PBXSourcesBuildPhase section */
		91CE9C091C7DD9C800E52581 /* Sources */ = {
			isa = PBXSourcesBuildPhase;
			buildActionMask = 2147483647;
			files = (
				91CE9C131C7DD9C800E52581 /* ViewController.swift in Sources */,
				91CE9C111C7DD9C800E52581 /* AppDelegate.swift in Sources */,
			);
			runOnlyForDeploymentPostprocessing = 0;
		};
		91CE9C1D1C7DD9C800E52581 /* Sources */ = {
			isa = PBXSourcesBuildPhase;
			buildActionMask = 2147483647;
			files = (
				91CE9C261C7DD9C800E52581 /* LondonTests.swift in Sources */,
			);
			runOnlyForDeploymentPostprocessing = 0;
		};
		91CE9C281C7DD9C800E52581 /* Sources */ = {
			isa = PBXSourcesBuildPhase;
			buildActionMask = 2147483647;
			files = (
				91CE9C311C7DD9C800E52581 /* LondonUITests.swift in Sources */,
			);
			runOnlyForDeploymentPostprocessing = 0;
		};
/* End PBXSourcesBuildPhase section */

/* Begin PBXTargetDependency section */
		91CE9C231C7DD9C800E52581 /* PBXTargetDependency */ = {
			isa = PBXTargetDependency;
			target = 91CE9C0C1C7DD9C800E52581 /* London */;
			targetProxy = 91CE9C221C7DD9C800E52581 /* PBXContainerItemProxy */;
		};
		91CE9C2E1C7DD9C800E52581 /* PBXTargetDependency */ = {
			isa = PBXTargetDependency;
			target = 91CE9C0C1C7DD9C800E52581 /* London */;
			targetProxy = 91CE9C2D1C7DD9C800E52581 /* PBXContainerItemProxy */;
		};
/* End PBXTargetDependency section */

/* Begin PBXVariantGroup section */
		91CE9C141C7DD9C800E52581 /* Main.storyboard */ = {
			isa = PBXVariantGroup;
			children = (
				91CE9C151C7DD9C800E52581 /* Base */,
			);
			name = Main.storyboard;
			sourceTree = "<group>";
		};
		91CE9C191C7DD9C800E52581 /* LaunchScreen.storyboard */ = {
			isa = PBXVariantGroup;
			children = (
				91CE9C1A1C7DD9C800E52581 /* Base */,
			);
			name = LaunchScreen.storyboard;
			sourceTree = "<group>";
		};
/* End PBXVariantGroup section */

/* Begin XCBuildConfiguration section */
		91CE9C331C7DD9C800E52581 /* Debug */ = {
			isa = XCBuildConfiguration;
			buildSettings = {
				ALWAYS_SEARCH_USER_PATHS = NO;
				CLANG_CXX_LANGUAGE_STANDARD = "gnu++0x";
				CLANG_CXX_LIBRARY = "libc++";
				CLANG_ENABLE_MODULES = YES;
				CLANG_ENABLE_OBJC_ARC = YES;
				CLANG_WARN_BOOL_CONVERSION = YES;
				CLANG_WARN_CONSTANT_CONVERSION = YES;
				CLANG_WARN_DIRECT_OBJC_ISA_USAGE = YES_ERROR;
				CLANG_WARN_EMPTY_BODY = YES;
				CLANG_WARN_ENUM_CONVERSION = YES;
				CLANG_WARN_INT_CONVERSION = YES;
				CLANG_WARN_OBJC_ROOT_CLASS = YES_ERROR;
				CLANG_WARN_UNREACHABLE_CODE = YES;
				CLANG_WARN__DUPLICATE_METHOD_MATCH = YES;
				"CODE_SIGN_IDENTITY[sdk=iphoneos*]" = "iPhone Developer";
				COPY_PHASE_STRIP = NO;
				DEBUG_INFORMATION_FORMAT = dwarf;
				ENABLE_STRICT_OBJC_MSGSEND = YES;
				ENABLE_TESTABILITY = YES;
				GCC_C_LANGUAGE_STANDARD = gnu99;
				GCC_DYNAMIC_NO_PIC = NO;
				GCC_NO_COMMON_BLOCKS = YES;
				GCC_OPTIMIZATION_LEVEL = 0;
				GCC_PREPROCESSOR_DEFINITIONS = (
					"DEBUG=1",
					"$(inherited)",
				);
				GCC_WARN_64_TO_32_BIT_CONVERSION = YES;
				GCC_WARN_ABOUT_RETURN_TYPE = YES_ERROR;
				GCC_WARN_UNDECLARED_SELECTOR = YES;
				GCC_WARN_UNINITIALIZED_AUTOS = YES_AGGRESSIVE;
				GCC_WARN_UNUSED_FUNCTION = YES;
				GCC_WARN_UNUSED_VARIABLE = YES;
				IPHONEOS_DEPLOYMENT_TARGET = 9.2;
				MTL_ENABLE_DEBUG_INFO = YES;
				ONLY_ACTIVE_ARCH = YES;
				SDKROOT = iphoneos;
				SWIFT_OPTIMIZATION_LEVEL = "-Onone";
				TARGETED_DEVICE_FAMILY = "1,2";
			};
			name = Debug;
		};
		91CE9C341C7DD9C800E52581 /* Release */ = {
			isa = XCBuildConfiguration;
			buildSettings = {
				ALWAYS_SEARCH_USER_PATHS = NO;
				CLANG_CXX_LANGUAGE_STANDARD = "gnu++0x";
				CLANG_CXX_LIBRARY = "libc++";
				CLANG_ENABLE_MODULES = YES;
				CLANG_ENABLE_OBJC_ARC = YES;
				CLANG_WARN_BOOL_CONVERSION = YES;
				CLANG_WARN_CONSTANT_CONVERSION = YES;
				CLANG_WARN_DIRECT_OBJC_ISA_USAGE = YES_ERROR;
				CLANG_WARN_EMPTY_BODY = YES;
				CLANG_WARN_ENUM_CONVERSION = YES;
				CLANG_WARN_INT_CONVERSION = YES;
				CLANG_WARN_OBJC_ROOT_CLASS = YES_ERROR;
				CLANG_WARN_UNREACHABLE_CODE = YES;
				CLANG_WARN__DUPLICATE_METHOD_MATCH = YES;
				"CODE_SIGN_IDENTITY[sdk=iphoneos*]" = "iPhone Developer";
				COPY_PHASE_STRIP = NO;
				DEBUG_INFORMATION_FORMAT = "dwarf-with-dsym";
				ENABLE_NS_ASSERTIONS = NO;
				ENABLE_STRICT_OBJC_MSGSEND = YES;
				GCC_C_LANGUAGE_STANDARD = gnu99;
				GCC_NO_COMMON_BLOCKS = YES;
				GCC_WARN_64_TO_32_BIT_CONVERSION = YES;
				GCC_WARN_ABOUT_RETURN_TYPE = YES_ERROR;
				GCC_WARN_UNDECLARED_SELECTOR = YES;
				GCC_WARN_UNINITIALIZED_AUTOS = YES_AGGRESSIVE;
				GCC_WARN_UNUSED_FUNCTION = YES;
				GCC_WARN_UNUSED_VARIABLE = YES;
				IPHONEOS_DEPLOYMENT_TARGET = 9.2;
				MTL_ENABLE_DEBUG_INFO = NO;
				SDKROOT = iphoneos;
				TARGETED_DEVICE_FAMILY = "1,2";
				VALIDATE_PRODUCT = YES;
			};
			name = Release;
		};
		91CE9C361C7DD9C800E52581 /* Debug */ = {
			isa = XCBuildConfiguration;
			buildSettings = {
				ASSETCATALOG_COMPILER_APPICON_NAME = AppIcon;
				INFOPLIST_FILE = London/Info.plist;
				LD_RUNPATH_SEARCH_PATHS = "$(inherited) @executable_path/Frameworks";
				PRODUCT_BUNDLE_IDENTIFIER = kt.London;
				PRODUCT_NAME = "$(TARGET_NAME)";
			};
			name = Debug;
		};
		91CE9C371C7DD9C800E52581 /* Release */ = {
			isa = XCBuildConfiguration;
			buildSettings = {
				ASSETCATALOG_COMPILER_APPICON_NAME = AppIcon;
				INFOPLIST_FILE = London/Info.plist;
				LD_RUNPATH_SEARCH_PATHS = "$(inherited) @executable_path/Frameworks";
				PRODUCT_BUNDLE_IDENTIFIER = kt.London;
				PRODUCT_NAME = "$(TARGET_NAME)";
			};
			name = Release;
		};
		91CE9C391C7DD9C800E52581 /* Debug */ = {
			isa = XCBuildConfiguration;
			buildSettings = {
				BUNDLE_LOADER = "$(TEST_HOST)";
				INFOPLIST_FILE = LondonTests/Info.plist;
				LD_RUNPATH_SEARCH_PATHS = "$(inherited) @executable_path/Frameworks @loader_path/Frameworks";
				PRODUCT_BUNDLE_IDENTIFIER = kt.LondonTests;
				PRODUCT_NAME = "$(TARGET_NAME)";
				TEST_HOST = "$(BUILT_PRODUCTS_DIR)/London.app/London";
			};
			name = Debug;
		};
		91CE9C3A1C7DD9C800E52581 /* Release */ = {
			isa = XCBuildConfiguration;
			buildSettings = {
				BUNDLE_LOADER = "$(TEST_HOST)";
				INFOPLIST_FILE = LondonTests/Info.plist;
				LD_RUNPATH_SEARCH_PATHS = "$(inherited) @executable_path/Frameworks @loader_path/Frameworks";
				PRODUCT_BUNDLE_IDENTIFIER = kt.LondonTests;
				PRODUCT_NAME = "$(TARGET_NAME)";
				TEST_HOST = "$(BUILT_PRODUCTS_DIR)/London.app/London";
			};
			name = Release;
		};
		91CE9C3C1C7DD9C800E52581 /* Debug */ = {
			isa = XCBuildConfiguration;
			buildSettings = {
				INFOPLIST_FILE = LondonUITests/Info.plist;
				LD_RUNPATH_SEARCH_PATHS = "$(inherited) @executable_path/Frameworks @loader_path/Frameworks";
				PRODUCT_BUNDLE_IDENTIFIER = kt.LondonUITests;
				PRODUCT_NAME = "$(TARGET_NAME)";
				TEST_TARGET_NAME = London;
				USES_XCTRUNNER = YES;
			};
			name = Debug;
		};
		91CE9C3D1C7DD9C800E52581 /* Release */ = {
			isa = XCBuildConfiguration;
			buildSettings = {
				INFOPLIST_FILE = LondonUITests/Info.plist;
				LD_RUNPATH_SEARCH_PATHS = "$(inherited) @executable_path/Frameworks @loader_path/Frameworks";
				PRODUCT_BUNDLE_IDENTIFIER = kt.LondonUITests;
				PRODUCT_NAME = "$(TARGET_NAME)";
				TEST_TARGET_NAME = London;
				USES_XCTRUNNER = YES;
			};
			name = Release;
		};
/* End XCBuildConfiguration section */

/* Begin XCConfigurationList section */
		91CE9C081C7DD9C800E52581 /* Build configuration list for PBXProject "London" */ = {
			isa = XCConfigurationList;
			buildConfigurations = (
				91CE9C331C7DD9C800E52581 /* Debug */,
				91CE9C341C7DD9C800E52581 /* Release */,
			);
			defaultConfigurationIsVisible = 0;
			defaultConfigurationName = Release;
		};
		91CE9C351C7DD9C800E52581 /* Build configuration list for PBXNativeTarget "London" */ = {
			isa = XCConfigurationList;
			buildConfigurations = (
				91CE9C361C7DD9C800E52581 /* Debug */,
				91CE9C371C7DD9C800E52581 /* Release */,
			);
			defaultConfigurationIsVisible = 0;
		};
		91CE9C381C7DD9C800E52581 /* Build configuration list for PBXNativeTarget "LondonTests" */ = {
			isa = XCConfigurationList;
			buildConfigurations = (
				91CE9C391C7DD9C800E52581 /* Debug */,
				91CE9C3A1C7DD9C800E52581 /* Release */,
			);
			defaultConfigurationIsVisible = 0;
		};
		91CE9C3B1C7DD9C800E52581 /* Build configuration list for PBXNativeTarget "LondonUITests" */ = {
			isa = XCConfigurationList;
			buildConfigurations = (
				91CE9C3C1C7DD9C800E52581 /* Debug */,
				91CE9C3D1C7DD9C800E52581 /* Release */,
			);
			defaultConfigurationIsVisible = 0;
		};
/* End XCConfigurationList section */
	};
	rootObject = 91CE9C051C7DD9C800E52581 /* Project object */;
}
